// !$*UTF8*$!
{
	archiveVersion = 1;
	classes = {
	};
	objectVersion = 51;
	objects = {

/* Begin PBXBuildFile section */
		7551CB2189C8505AE81AA60C /* Pods_SoccerNews_SoccerNewsUITests.framework in Frameworks */ = {isa = PBXBuildFile; fileRef = 6F0DFD08FCAAD1A53F5DE654 /* Pods_SoccerNews_SoccerNewsUITests.framework */; };
		7A348E2E77B448DE0EAF5F0D /* Pods_SoccerNews.framework in Frameworks */ = {isa = PBXBuildFile; fileRef = EC8B4FA50DAA71D39EF27850 /* Pods_SoccerNews.framework */; };
		840C6EF526001DCA00FB7F0C /* AppDelegate.swift in Sources */ = {isa = PBXBuildFile; fileRef = 840C6EF426001DCA00FB7F0C /* AppDelegate.swift */; };
		840C6EF726001DCA00FB7F0C /* SceneDelegate.swift in Sources */ = {isa = PBXBuildFile; fileRef = 840C6EF626001DCA00FB7F0C /* SceneDelegate.swift */; };
		840C6EFC26001DCA00FB7F0C /* Main.storyboard in Resources */ = {isa = PBXBuildFile; fileRef = 840C6EFA26001DCA00FB7F0C /* Main.storyboard */; };
		840C6EFE26001DCC00FB7F0C /* Assets.xcassets in Resources */ = {isa = PBXBuildFile; fileRef = 840C6EFD26001DCC00FB7F0C /* Assets.xcassets */; };
		840C6F0126001DCC00FB7F0C /* LaunchScreen.storyboard in Resources */ = {isa = PBXBuildFile; fileRef = 840C6EFF26001DCC00FB7F0C /* LaunchScreen.storyboard */; };
		840C6F0C26001DCD00FB7F0C /* SoccerNewsTests.swift in Sources */ = {isa = PBXBuildFile; fileRef = 840C6F0B26001DCD00FB7F0C /* SoccerNewsTests.swift */; };
		840C6F1726001DCD00FB7F0C /* SoccerNewsUITests.swift in Sources */ = {isa = PBXBuildFile; fileRef = 840C6F1626001DCD00FB7F0C /* SoccerNewsUITests.swift */; };
		840C6F3026001E7800FB7F0C /* NewsRepository.swift in Sources */ = {isa = PBXBuildFile; fileRef = 840C6F2F26001E7800FB7F0C /* NewsRepository.swift */; };
		840C6F3B2600E0C100FB7F0C /* FeedCell.swift in Sources */ = {isa = PBXBuildFile; fileRef = 840C6F3A2600E0C100FB7F0C /* FeedCell.swift */; };
		840C6F412600E76900FB7F0C /* UIView+Extensions.swift in Sources */ = {isa = PBXBuildFile; fileRef = 840C6F402600E76900FB7F0C /* UIView+Extensions.swift */; };
		840C6F4C2600ED8F00FB7F0C /* Date+Extensions.swift in Sources */ = {isa = PBXBuildFile; fileRef = 840C6F4B2600ED8F00FB7F0C /* Date+Extensions.swift */; };
		840C6F5D26016EF200FB7F0C /* ArticlesResult.swift in Sources */ = {isa = PBXBuildFile; fileRef = 840C6F5C26016EF200FB7F0C /* ArticlesResult.swift */; };
		840C6F6526016F1000FB7F0C /* Article.swift in Sources */ = {isa = PBXBuildFile; fileRef = 840C6F6426016F1000FB7F0C /* Article.swift */; };
		840C6F6A26016F2300FB7F0C /* Source.swift in Sources */ = {isa = PBXBuildFile; fileRef = 840C6F6926016F2300FB7F0C /* Source.swift */; };
		840C6F6F26016F3E00FB7F0C /* EverythingRequest.swift in Sources */ = {isa = PBXBuildFile; fileRef = 840C6F6E26016F3E00FB7F0C /* EverythingRequest.swift */; };
		840C6F7426016F4C00FB7F0C /* TopHeadlinesRequest.swift in Sources */ = {isa = PBXBuildFile; fileRef = 840C6F7326016F4C00FB7F0C /* TopHeadlinesRequest.swift */; };
		840C6F7A26016F6A00FB7F0C /* Categories.swift in Sources */ = {isa = PBXBuildFile; fileRef = 840C6F7926016F6A00FB7F0C /* Categories.swift */; };
		840C6F8226016F7600FB7F0C /* Countries.swift in Sources */ = {isa = PBXBuildFile; fileRef = 840C6F8126016F7600FB7F0C /* Countries.swift */; };
		840C6F8726016F8400FB7F0C /* Languages.swift in Sources */ = {isa = PBXBuildFile; fileRef = 840C6F8626016F8400FB7F0C /* Languages.swift */; };
		840C6F8D26016FA100FB7F0C /* SortBys.swift in Sources */ = {isa = PBXBuildFile; fileRef = 840C6F8C26016FA100FB7F0C /* SortBys.swift */; };
		840C6F9526016FC500FB7F0C /* Statuses.swift in Sources */ = {isa = PBXBuildFile; fileRef = 840C6F9426016FC500FB7F0C /* Statuses.swift */; };
		840C6F9A2601701100FB7F0C /* ErrorCodes.swift in Sources */ = {isa = PBXBuildFile; fileRef = 840C6F992601701100FB7F0C /* ErrorCodes.swift */; };
		84AE86A0260288B500E9AAC7 /* CustomImageView.swift in Sources */ = {isa = PBXBuildFile; fileRef = 84AE869F260288B500E9AAC7 /* CustomImageView.swift */; };
		84AE86BD2602A45800E9AAC7 /* FeedsController.swift in Sources */ = {isa = PBXBuildFile; fileRef = 840C6F2A26001DE700FB7F0C /* FeedsController.swift */; };
		84AE86C32602A4C500E9AAC7 /* TopFeedHeaderView.swift in Sources */ = {isa = PBXBuildFile; fileRef = 84AE86C22602A4C500E9AAC7 /* TopFeedHeaderView.swift */; };
		84AE86CA2602A63300E9AAC7 /* FeedsView.swift in Sources */ = {isa = PBXBuildFile; fileRef = 84AE86AF2602A30700E9AAC7 /* FeedsView.swift */; };
		84AE86D12602AA1200E9AAC7 /* TopFeedCell.swift in Sources */ = {isa = PBXBuildFile; fileRef = 84AE86A4260288D200E9AAC7 /* TopFeedCell.swift */; };
		84AE86D92602E75600E9AAC7 /* FeedDetailView.swift in Sources */ = {isa = PBXBuildFile; fileRef = 84AE86D82602E75600E9AAC7 /* FeedDetailView.swift */; };
		84AE86E02602E84100E9AAC7 /* FeedDetailController.swift in Sources */ = {isa = PBXBuildFile; fileRef = 840C6F5026014D6700FB7F0C /* FeedDetailController.swift */; };
		84AE86E82602E9D900E9AAC7 /* MainNavigationController.swift in Sources */ = {isa = PBXBuildFile; fileRef = 84AE86E72602E9D900E9AAC7 /* MainNavigationController.swift */; };
		CDAF9220081D9EF60A5F75C4 /* Pods_SoccerNewsTests.framework in Frameworks */ = {isa = PBXBuildFile; fileRef = B20838D24DE717BEFD4FC052 /* Pods_SoccerNewsTests.framework */; };
/* End PBXBuildFile section */

/* Begin PBXContainerItemProxy section */
		840C6F0826001DCD00FB7F0C /* PBXContainerItemProxy */ = {
			isa = PBXContainerItemProxy;
			containerPortal = 840C6EE926001DCA00FB7F0C /* Project object */;
			proxyType = 1;
			remoteGlobalIDString = 840C6EF026001DCA00FB7F0C;
			remoteInfo = SoccerNews;
		};
		840C6F1326001DCD00FB7F0C /* PBXContainerItemProxy */ = {
			isa = PBXContainerItemProxy;
			containerPortal = 840C6EE926001DCA00FB7F0C /* Project object */;
			proxyType = 1;
			remoteGlobalIDString = 840C6EF026001DCA00FB7F0C;
			remoteInfo = SoccerNews;
		};
/* End PBXContainerItemProxy section */

/* Begin PBXFileReference section */
		3E48F1FFE708ADED82AE7666 /* Pods-SoccerNewsTests.debug.xcconfig */ = {isa = PBXFileReference; includeInIndex = 1; lastKnownFileType = text.xcconfig; name = "Pods-SoccerNewsTests.debug.xcconfig"; path = "Target Support Files/Pods-SoccerNewsTests/Pods-SoccerNewsTests.debug.xcconfig"; sourceTree = "<group>"; };
		6F0DFD08FCAAD1A53F5DE654 /* Pods_SoccerNews_SoccerNewsUITests.framework */ = {isa = PBXFileReference; explicitFileType = wrapper.framework; includeInIndex = 0; path = Pods_SoccerNews_SoccerNewsUITests.framework; sourceTree = BUILT_PRODUCTS_DIR; };
		840C6EF126001DCA00FB7F0C /* SoccerNews.app */ = {isa = PBXFileReference; explicitFileType = wrapper.application; includeInIndex = 0; path = SoccerNews.app; sourceTree = BUILT_PRODUCTS_DIR; };
		840C6EF426001DCA00FB7F0C /* AppDelegate.swift */ = {isa = PBXFileReference; lastKnownFileType = sourcecode.swift; path = AppDelegate.swift; sourceTree = "<group>"; };
		840C6EF626001DCA00FB7F0C /* SceneDelegate.swift */ = {isa = PBXFileReference; lastKnownFileType = sourcecode.swift; path = SceneDelegate.swift; sourceTree = "<group>"; };
		840C6EFB26001DCA00FB7F0C /* Base */ = {isa = PBXFileReference; lastKnownFileType = file.storyboard; name = Base; path = Base.lproj/Main.storyboard; sourceTree = "<group>"; };
		840C6EFD26001DCC00FB7F0C /* Assets.xcassets */ = {isa = PBXFileReference; lastKnownFileType = folder.assetcatalog; path = Assets.xcassets; sourceTree = "<group>"; };
		840C6F0026001DCC00FB7F0C /* Base */ = {isa = PBXFileReference; lastKnownFileType = file.storyboard; name = Base; path = Base.lproj/LaunchScreen.storyboard; sourceTree = "<group>"; };
		840C6F0226001DCC00FB7F0C /* Info.plist */ = {isa = PBXFileReference; lastKnownFileType = text.plist.xml; path = Info.plist; sourceTree = "<group>"; };
		840C6F0726001DCD00FB7F0C /* SoccerNewsTests.xctest */ = {isa = PBXFileReference; explicitFileType = wrapper.cfbundle; includeInIndex = 0; path = SoccerNewsTests.xctest; sourceTree = BUILT_PRODUCTS_DIR; };
		840C6F0B26001DCD00FB7F0C /* SoccerNewsTests.swift */ = {isa = PBXFileReference; lastKnownFileType = sourcecode.swift; path = SoccerNewsTests.swift; sourceTree = "<group>"; };
		840C6F0D26001DCD00FB7F0C /* Info.plist */ = {isa = PBXFileReference; lastKnownFileType = text.plist.xml; path = Info.plist; sourceTree = "<group>"; };
		840C6F1226001DCD00FB7F0C /* SoccerNewsUITests.xctest */ = {isa = PBXFileReference; explicitFileType = wrapper.cfbundle; includeInIndex = 0; path = SoccerNewsUITests.xctest; sourceTree = BUILT_PRODUCTS_DIR; };
		840C6F1626001DCD00FB7F0C /* SoccerNewsUITests.swift */ = {isa = PBXFileReference; lastKnownFileType = sourcecode.swift; path = SoccerNewsUITests.swift; sourceTree = "<group>"; };
		840C6F1826001DCD00FB7F0C /* Info.plist */ = {isa = PBXFileReference; lastKnownFileType = text.plist.xml; path = Info.plist; sourceTree = "<group>"; };
		840C6F2A26001DE700FB7F0C /* FeedsController.swift */ = {isa = PBXFileReference; lastKnownFileType = sourcecode.swift; path = FeedsController.swift; sourceTree = "<group>"; };
		840C6F2F26001E7800FB7F0C /* NewsRepository.swift */ = {isa = PBXFileReference; lastKnownFileType = sourcecode.swift; path = NewsRepository.swift; sourceTree = "<group>"; };
		840C6F3A2600E0C100FB7F0C /* FeedCell.swift */ = {isa = PBXFileReference; lastKnownFileType = sourcecode.swift; path = FeedCell.swift; sourceTree = "<group>"; };
		840C6F402600E76900FB7F0C /* UIView+Extensions.swift */ = {isa = PBXFileReference; lastKnownFileType = sourcecode.swift; path = "UIView+Extensions.swift"; sourceTree = "<group>"; };
		840C6F4B2600ED8F00FB7F0C /* Date+Extensions.swift */ = {isa = PBXFileReference; lastKnownFileType = sourcecode.swift; path = "Date+Extensions.swift"; sourceTree = "<group>"; };
		840C6F5026014D6700FB7F0C /* FeedDetailController.swift */ = {isa = PBXFileReference; lastKnownFileType = sourcecode.swift; path = FeedDetailController.swift; sourceTree = "<group>"; };
		840C6F5C26016EF200FB7F0C /* ArticlesResult.swift */ = {isa = PBXFileReference; lastKnownFileType = sourcecode.swift; path = ArticlesResult.swift; sourceTree = "<group>"; };
		840C6F6426016F1000FB7F0C /* Article.swift */ = {isa = PBXFileReference; lastKnownFileType = sourcecode.swift; path = Article.swift; sourceTree = "<group>"; };
		840C6F6926016F2300FB7F0C /* Source.swift */ = {isa = PBXFileReference; lastKnownFileType = sourcecode.swift; path = Source.swift; sourceTree = "<group>"; };
		840C6F6E26016F3E00FB7F0C /* EverythingRequest.swift */ = {isa = PBXFileReference; lastKnownFileType = sourcecode.swift; path = EverythingRequest.swift; sourceTree = "<group>"; };
		840C6F7326016F4C00FB7F0C /* TopHeadlinesRequest.swift */ = {isa = PBXFileReference; lastKnownFileType = sourcecode.swift; path = TopHeadlinesRequest.swift; sourceTree = "<group>"; };
		840C6F7926016F6A00FB7F0C /* Categories.swift */ = {isa = PBXFileReference; lastKnownFileType = sourcecode.swift; path = Categories.swift; sourceTree = "<group>"; };
		840C6F8126016F7600FB7F0C /* Countries.swift */ = {isa = PBXFileReference; lastKnownFileType = sourcecode.swift; path = Countries.swift; sourceTree = "<group>"; };
		840C6F8626016F8400FB7F0C /* Languages.swift */ = {isa = PBXFileReference; lastKnownFileType = sourcecode.swift; path = Languages.swift; sourceTree = "<group>"; };
		840C6F8C26016FA100FB7F0C /* SortBys.swift */ = {isa = PBXFileReference; lastKnownFileType = sourcecode.swift; path = SortBys.swift; sourceTree = "<group>"; };
		840C6F9426016FC500FB7F0C /* Statuses.swift */ = {isa = PBXFileReference; lastKnownFileType = sourcecode.swift; path = Statuses.swift; sourceTree = "<group>"; };
		840C6F992601701100FB7F0C /* ErrorCodes.swift */ = {isa = PBXFileReference; lastKnownFileType = sourcecode.swift; path = ErrorCodes.swift; sourceTree = "<group>"; };
		84AE869F260288B500E9AAC7 /* CustomImageView.swift */ = {isa = PBXFileReference; lastKnownFileType = sourcecode.swift; path = CustomImageView.swift; sourceTree = "<group>"; };
		84AE86A4260288D200E9AAC7 /* TopFeedCell.swift */ = {isa = PBXFileReference; lastKnownFileType = sourcecode.swift; path = TopFeedCell.swift; sourceTree = "<group>"; };
		84AE86AF2602A30700E9AAC7 /* FeedsView.swift */ = {isa = PBXFileReference; lastKnownFileType = sourcecode.swift; path = FeedsView.swift; sourceTree = "<group>"; };
		84AE86C22602A4C500E9AAC7 /* TopFeedHeaderView.swift */ = {isa = PBXFileReference; lastKnownFileType = sourcecode.swift; path = TopFeedHeaderView.swift; sourceTree = "<group>"; };
		84AE86D82602E75600E9AAC7 /* FeedDetailView.swift */ = {isa = PBXFileReference; lastKnownFileType = sourcecode.swift; path = FeedDetailView.swift; sourceTree = "<group>"; };
		84AE86E72602E9D900E9AAC7 /* MainNavigationController.swift */ = {isa = PBXFileReference; lastKnownFileType = sourcecode.swift; path = MainNavigationController.swift; sourceTree = "<group>"; };
		8D4B3F30072F71D5E68A1A5A /* Pods-SoccerNews.release.xcconfig */ = {isa = PBXFileReference; includeInIndex = 1; lastKnownFileType = text.xcconfig; name = "Pods-SoccerNews.release.xcconfig"; path = "Target Support Files/Pods-SoccerNews/Pods-SoccerNews.release.xcconfig"; sourceTree = "<group>"; };
		97F47826B8D7324DB873D84D /* Pods-SoccerNews-SoccerNewsUITests.release.xcconfig */ = {isa = PBXFileReference; includeInIndex = 1; lastKnownFileType = text.xcconfig; name = "Pods-SoccerNews-SoccerNewsUITests.release.xcconfig"; path = "Target Support Files/Pods-SoccerNews-SoccerNewsUITests/Pods-SoccerNews-SoccerNewsUITests.release.xcconfig"; sourceTree = "<group>"; };
		9EDB126941A0DC821BB501E4 /* Pods-SoccerNews-SoccerNewsUITests.debug.xcconfig */ = {isa = PBXFileReference; includeInIndex = 1; lastKnownFileType = text.xcconfig; name = "Pods-SoccerNews-SoccerNewsUITests.debug.xcconfig"; path = "Target Support Files/Pods-SoccerNews-SoccerNewsUITests/Pods-SoccerNews-SoccerNewsUITests.debug.xcconfig"; sourceTree = "<group>"; };
		B20838D24DE717BEFD4FC052 /* Pods_SoccerNewsTests.framework */ = {isa = PBXFileReference; explicitFileType = wrapper.framework; includeInIndex = 0; path = Pods_SoccerNewsTests.framework; sourceTree = BUILT_PRODUCTS_DIR; };
		C2518796951D9923F8DEF368 /* Pods-SoccerNewsTests.release.xcconfig */ = {isa = PBXFileReference; includeInIndex = 1; lastKnownFileType = text.xcconfig; name = "Pods-SoccerNewsTests.release.xcconfig"; path = "Target Support Files/Pods-SoccerNewsTests/Pods-SoccerNewsTests.release.xcconfig"; sourceTree = "<group>"; };
		CE096D4CECD71B5251BBFA4E /* Pods-SoccerNews.debug.xcconfig */ = {isa = PBXFileReference; includeInIndex = 1; lastKnownFileType = text.xcconfig; name = "Pods-SoccerNews.debug.xcconfig"; path = "Target Support Files/Pods-SoccerNews/Pods-SoccerNews.debug.xcconfig"; sourceTree = "<group>"; };
		EC8B4FA50DAA71D39EF27850 /* Pods_SoccerNews.framework */ = {isa = PBXFileReference; explicitFileType = wrapper.framework; includeInIndex = 0; path = Pods_SoccerNews.framework; sourceTree = BUILT_PRODUCTS_DIR; };
/* End PBXFileReference section */

/* Begin PBXFrameworksBuildPhase section */
		840C6EEE26001DCA00FB7F0C /* Frameworks */ = {
			isa = PBXFrameworksBuildPhase;
			buildActionMask = 2147483647;
			files = (
				7A348E2E77B448DE0EAF5F0D /* Pods_SoccerNews.framework in Frameworks */,
			);
			runOnlyForDeploymentPostprocessing = 0;
		};
		840C6F0426001DCD00FB7F0C /* Frameworks */ = {
			isa = PBXFrameworksBuildPhase;
			buildActionMask = 2147483647;
			files = (
				CDAF9220081D9EF60A5F75C4 /* Pods_SoccerNewsTests.framework in Frameworks */,
			);
			runOnlyForDeploymentPostprocessing = 0;
		};
		840C6F0F26001DCD00FB7F0C /* Frameworks */ = {
			isa = PBXFrameworksBuildPhase;
			buildActionMask = 2147483647;
			files = (
				7551CB2189C8505AE81AA60C /* Pods_SoccerNews_SoccerNewsUITests.framework in Frameworks */,
			);
			runOnlyForDeploymentPostprocessing = 0;
		};
/* End PBXFrameworksBuildPhase section */

/* Begin PBXGroup section */
		7916336F484CD5DDFE3711DB /* Pods */ = {
			isa = PBXGroup;
			children = (
				CE096D4CECD71B5251BBFA4E /* Pods-SoccerNews.debug.xcconfig */,
				8D4B3F30072F71D5E68A1A5A /* Pods-SoccerNews.release.xcconfig */,
				9EDB126941A0DC821BB501E4 /* Pods-SoccerNews-SoccerNewsUITests.debug.xcconfig */,
				97F47826B8D7324DB873D84D /* Pods-SoccerNews-SoccerNewsUITests.release.xcconfig */,
				3E48F1FFE708ADED82AE7666 /* Pods-SoccerNewsTests.debug.xcconfig */,
				C2518796951D9923F8DEF368 /* Pods-SoccerNewsTests.release.xcconfig */,
			);
			path = Pods;
			sourceTree = "<group>";
		};
		840C6EE826001DCA00FB7F0C = {
			isa = PBXGroup;
			children = (
				840C6EF326001DCA00FB7F0C /* SoccerNews */,
				840C6F0A26001DCD00FB7F0C /* SoccerNewsTests */,
				840C6F1526001DCD00FB7F0C /* SoccerNewsUITests */,
				840C6EF226001DCA00FB7F0C /* Products */,
				7916336F484CD5DDFE3711DB /* Pods */,
				B44C70D687AEF039B3AB74AA /* Frameworks */,
			);
			sourceTree = "<group>";
		};
		840C6EF226001DCA00FB7F0C /* Products */ = {
			isa = PBXGroup;
			children = (
				840C6EF126001DCA00FB7F0C /* SoccerNews.app */,
				840C6F0726001DCD00FB7F0C /* SoccerNewsTests.xctest */,
				840C6F1226001DCD00FB7F0C /* SoccerNewsUITests.xctest */,
			);
			name = Products;
			sourceTree = "<group>";
		};
		840C6EF326001DCA00FB7F0C /* SoccerNews */ = {
			isa = PBXGroup;
			children = (
				840C6F3F2600E75B00FB7F0C /* Utils */,
				840C6F7826016F5B00FB7F0C /* Constants */,
				840C6F5B26016EDF00FB7F0C /* Models */,
				84AE86B42602A31C00E9AAC7 /* Views */,
				84AE86B62602A33800E9AAC7 /* Controllers */,
				840C6EF426001DCA00FB7F0C /* AppDelegate.swift */,
				840C6EF626001DCA00FB7F0C /* SceneDelegate.swift */,
				840C6EFA26001DCA00FB7F0C /* Main.storyboard */,
				840C6EFD26001DCC00FB7F0C /* Assets.xcassets */,
				840C6EFF26001DCC00FB7F0C /* LaunchScreen.storyboard */,
				840C6F0226001DCC00FB7F0C /* Info.plist */,
			);
			path = SoccerNews;
			sourceTree = "<group>";
		};
		840C6F0A26001DCD00FB7F0C /* SoccerNewsTests */ = {
			isa = PBXGroup;
			children = (
				840C6F0B26001DCD00FB7F0C /* SoccerNewsTests.swift */,
				840C6F0D26001DCD00FB7F0C /* Info.plist */,
			);
			path = SoccerNewsTests;
			sourceTree = "<group>";
		};
		840C6F1526001DCD00FB7F0C /* SoccerNewsUITests */ = {
			isa = PBXGroup;
			children = (
				840C6F1626001DCD00FB7F0C /* SoccerNewsUITests.swift */,
				840C6F1826001DCD00FB7F0C /* Info.plist */,
			);
			path = SoccerNewsUITests;
			sourceTree = "<group>";
		};
		840C6F3F2600E75B00FB7F0C /* Utils */ = {
			isa = PBXGroup;
			children = (
				840C6F402600E76900FB7F0C /* UIView+Extensions.swift */,
				840C6F4B2600ED8F00FB7F0C /* Date+Extensions.swift */,
			);
			path = Utils;
			sourceTree = "<group>";
		};
		840C6F5B26016EDF00FB7F0C /* Models */ = {
			isa = PBXGroup;
			children = (
				840C6F5C26016EF200FB7F0C /* ArticlesResult.swift */,
				840C6F6426016F1000FB7F0C /* Article.swift */,
				840C6F6926016F2300FB7F0C /* Source.swift */,
				840C6F6E26016F3E00FB7F0C /* EverythingRequest.swift */,
				840C6F7326016F4C00FB7F0C /* TopHeadlinesRequest.swift */,
				840C6F2F26001E7800FB7F0C /* NewsRepository.swift */,
			);
			path = Models;
			sourceTree = "<group>";
		};
		840C6F7826016F5B00FB7F0C /* Constants */ = {
			isa = PBXGroup;
			children = (
				840C6F7926016F6A00FB7F0C /* Categories.swift */,
				840C6F8126016F7600FB7F0C /* Countries.swift */,
				840C6F8626016F8400FB7F0C /* Languages.swift */,
				840C6F8C26016FA100FB7F0C /* SortBys.swift */,
				840C6F9426016FC500FB7F0C /* Statuses.swift */,
				840C6F992601701100FB7F0C /* ErrorCodes.swift */,
			);
			path = Constants;
			sourceTree = "<group>";
		};
		84AE86B42602A31C00E9AAC7 /* Views */ = {
			isa = PBXGroup;
			children = (
				84AE86AF2602A30700E9AAC7 /* FeedsView.swift */,
				84AE86D82602E75600E9AAC7 /* FeedDetailView.swift */,
				84AE869F260288B500E9AAC7 /* CustomImageView.swift */,
				84AE86C12602A4B400E9AAC7 /* HeaderViews */,
				84AE86B52602A32800E9AAC7 /* Cells */,
			);
			path = Views;
			sourceTree = "<group>";
		};
		84AE86B52602A32800E9AAC7 /* Cells */ = {
			isa = PBXGroup;
			children = (
				84AE86A4260288D200E9AAC7 /* TopFeedCell.swift */,
				840C6F3A2600E0C100FB7F0C /* FeedCell.swift */,
			);
			path = Cells;
			sourceTree = "<group>";
		};
		84AE86B62602A33800E9AAC7 /* Controllers */ = {
			isa = PBXGroup;
			children = (
				84AE86E72602E9D900E9AAC7 /* MainNavigationController.swift */,
				840C6F2A26001DE700FB7F0C /* FeedsController.swift */,
				840C6F5026014D6700FB7F0C /* FeedDetailController.swift */,
			);
			path = Controllers;
			sourceTree = "<group>";
		};
		84AE86C12602A4B400E9AAC7 /* HeaderViews */ = {
			isa = PBXGroup;
			children = (
				84AE86C22602A4C500E9AAC7 /* TopFeedHeaderView.swift */,
			);
			path = HeaderViews;
			sourceTree = "<group>";
		};
		B44C70D687AEF039B3AB74AA /* Frameworks */ = {
			isa = PBXGroup;
			children = (
				EC8B4FA50DAA71D39EF27850 /* Pods_SoccerNews.framework */,
				6F0DFD08FCAAD1A53F5DE654 /* Pods_SoccerNews_SoccerNewsUITests.framework */,
				B20838D24DE717BEFD4FC052 /* Pods_SoccerNewsTests.framework */,
			);
			name = Frameworks;
			sourceTree = "<group>";
		};
/* End PBXGroup section */

/* Begin PBXNativeTarget section */
		840C6EF026001DCA00FB7F0C /* SoccerNews */ = {
			isa = PBXNativeTarget;
			buildConfigurationList = 840C6F1B26001DCD00FB7F0C /* Build configuration list for PBXNativeTarget "SoccerNews" */;
			buildPhases = (
				941291217CB1D4EC69479DE4 /* [CP] Check Pods Manifest.lock */,
				840C6EED26001DCA00FB7F0C /* Sources */,
				840C6EEE26001DCA00FB7F0C /* Frameworks */,
				840C6EEF26001DCA00FB7F0C /* Resources */,
				1FB53BBD5826AE782C2C2185 /* [CP] Embed Pods Frameworks */,
			);
			buildRules = (
			);
			dependencies = (
			);
			name = SoccerNews;
			productName = SoccerNews;
			productReference = 840C6EF126001DCA00FB7F0C /* SoccerNews.app */;
			productType = "com.apple.product-type.application";
		};
		840C6F0626001DCD00FB7F0C /* SoccerNewsTests */ = {
			isa = PBXNativeTarget;
			buildConfigurationList = 840C6F1E26001DCD00FB7F0C /* Build configuration list for PBXNativeTarget "SoccerNewsTests" */;
			buildPhases = (
				CB27B230CE8096848A8B7C2B /* [CP] Check Pods Manifest.lock */,
				840C6F0326001DCD00FB7F0C /* Sources */,
				840C6F0426001DCD00FB7F0C /* Frameworks */,
				840C6F0526001DCD00FB7F0C /* Resources */,
			);
			buildRules = (
			);
			dependencies = (
				840C6F0926001DCD00FB7F0C /* PBXTargetDependency */,
			);
			name = SoccerNewsTests;
			productName = SoccerNewsTests;
			productReference = 840C6F0726001DCD00FB7F0C /* SoccerNewsTests.xctest */;
			productType = "com.apple.product-type.bundle.unit-test";
		};
		840C6F1126001DCD00FB7F0C /* SoccerNewsUITests */ = {
			isa = PBXNativeTarget;
			buildConfigurationList = 840C6F2126001DCD00FB7F0C /* Build configuration list for PBXNativeTarget "SoccerNewsUITests" */;
			buildPhases = (
				ABE1EEA7721E29E3EEF7E99B /* [CP] Check Pods Manifest.lock */,
				840C6F0E26001DCD00FB7F0C /* Sources */,
				840C6F0F26001DCD00FB7F0C /* Frameworks */,
				840C6F1026001DCD00FB7F0C /* Resources */,
				4E776849782860B2260816F3 /* [CP] Embed Pods Frameworks */,
			);
			buildRules = (
			);
			dependencies = (
				840C6F1426001DCD00FB7F0C /* PBXTargetDependency */,
			);
			name = SoccerNewsUITests;
			productName = SoccerNewsUITests;
			productReference = 840C6F1226001DCD00FB7F0C /* SoccerNewsUITests.xctest */;
			productType = "com.apple.product-type.bundle.ui-testing";
		};
/* End PBXNativeTarget section */

/* Begin PBXProject section */
		840C6EE926001DCA00FB7F0C /* Project object */ = {
			isa = PBXProject;
			attributes = {
				LastSwiftUpdateCheck = 1240;
				LastUpgradeCheck = 1240;
				TargetAttributes = {
					840C6EF026001DCA00FB7F0C = {
						CreatedOnToolsVersion = 12.4;
					};
					840C6F0626001DCD00FB7F0C = {
						CreatedOnToolsVersion = 12.4;
						TestTargetID = 840C6EF026001DCA00FB7F0C;
					};
					840C6F1126001DCD00FB7F0C = {
						CreatedOnToolsVersion = 12.4;
						TestTargetID = 840C6EF026001DCA00FB7F0C;
					};
				};
			};
			buildConfigurationList = 840C6EEC26001DCA00FB7F0C /* Build configuration list for PBXProject "SoccerNews" */;
			compatibilityVersion = "Xcode 9.3";
			developmentRegion = en;
			hasScannedForEncodings = 0;
			knownRegions = (
				en,
				Base,
			);
			mainGroup = 840C6EE826001DCA00FB7F0C;
			productRefGroup = 840C6EF226001DCA00FB7F0C /* Products */;
			projectDirPath = "";
			projectRoot = "";
			targets = (
				840C6EF026001DCA00FB7F0C /* SoccerNews */,
				840C6F0626001DCD00FB7F0C /* SoccerNewsTests */,
				840C6F1126001DCD00FB7F0C /* SoccerNewsUITests */,
			);
		};
/* End PBXProject section */

/* Begin PBXResourcesBuildPhase section */
		840C6EEF26001DCA00FB7F0C /* Resources */ = {
			isa = PBXResourcesBuildPhase;
			buildActionMask = 2147483647;
			files = (
				840C6F0126001DCC00FB7F0C /* LaunchScreen.storyboard in Resources */,
				840C6EFE26001DCC00FB7F0C /* Assets.xcassets in Resources */,
				840C6EFC26001DCA00FB7F0C /* Main.storyboard in Resources */,
			);
			runOnlyForDeploymentPostprocessing = 0;
		};
		840C6F0526001DCD00FB7F0C /* Resources */ = {
			isa = PBXResourcesBuildPhase;
			buildActionMask = 2147483647;
			files = (
			);
			runOnlyForDeploymentPostprocessing = 0;
		};
		840C6F1026001DCD00FB7F0C /* Resources */ = {
			isa = PBXResourcesBuildPhase;
			buildActionMask = 2147483647;
			files = (
			);
			runOnlyForDeploymentPostprocessing = 0;
		};
/* End PBXResourcesBuildPhase section */

/* Begin PBXShellScriptBuildPhase section */
		1FB53BBD5826AE782C2C2185 /* [CP] Embed Pods Frameworks */ = {
			isa = PBXShellScriptBuildPhase;
			buildActionMask = 2147483647;
			files = (
			);
			inputFileListPaths = (
				"${PODS_ROOT}/Target Support Files/Pods-SoccerNews/Pods-SoccerNews-frameworks-${CONFIGURATION}-input-files.xcfilelist",
			);
			name = "[CP] Embed Pods Frameworks";
			outputFileListPaths = (
				"${PODS_ROOT}/Target Support Files/Pods-SoccerNews/Pods-SoccerNews-frameworks-${CONFIGURATION}-output-files.xcfilelist",
			);
			runOnlyForDeploymentPostprocessing = 0;
			shellPath = /bin/sh;
			shellScript = "\"${PODS_ROOT}/Target Support Files/Pods-SoccerNews/Pods-SoccerNews-frameworks.sh\"\n";
			showEnvVarsInLog = 0;
		};
		4E776849782860B2260816F3 /* [CP] Embed Pods Frameworks */ = {
			isa = PBXShellScriptBuildPhase;
			buildActionMask = 2147483647;
			files = (
			);
			inputFileListPaths = (
				"${PODS_ROOT}/Target Support Files/Pods-SoccerNews-SoccerNewsUITests/Pods-SoccerNews-SoccerNewsUITests-frameworks-${CONFIGURATION}-input-files.xcfilelist",
			);
			name = "[CP] Embed Pods Frameworks";
			outputFileListPaths = (
				"${PODS_ROOT}/Target Support Files/Pods-SoccerNews-SoccerNewsUITests/Pods-SoccerNews-SoccerNewsUITests-frameworks-${CONFIGURATION}-output-files.xcfilelist",
			);
			runOnlyForDeploymentPostprocessing = 0;
			shellPath = /bin/sh;
			shellScript = "\"${PODS_ROOT}/Target Support Files/Pods-SoccerNews-SoccerNewsUITests/Pods-SoccerNews-SoccerNewsUITests-frameworks.sh\"\n";
			showEnvVarsInLog = 0;
		};
		941291217CB1D4EC69479DE4 /* [CP] Check Pods Manifest.lock */ = {
			isa = PBXShellScriptBuildPhase;
			buildActionMask = 2147483647;
			files = (
			);
			inputFileListPaths = (
			);
			inputPaths = (
				"${PODS_PODFILE_DIR_PATH}/Podfile.lock",
				"${PODS_ROOT}/Manifest.lock",
			);
			name = "[CP] Check Pods Manifest.lock";
			outputFileListPaths = (
			);
			outputPaths = (
				"$(DERIVED_FILE_DIR)/Pods-SoccerNews-checkManifestLockResult.txt",
			);
			runOnlyForDeploymentPostprocessing = 0;
			shellPath = /bin/sh;
			shellScript = "diff \"${PODS_PODFILE_DIR_PATH}/Podfile.lock\" \"${PODS_ROOT}/Manifest.lock\" > /dev/null\nif [ $? != 0 ] ; then\n    # print error to STDERR\n    echo \"error: The sandbox is not in sync with the Podfile.lock. Run 'pod install' or update your CocoaPods installation.\" >&2\n    exit 1\nfi\n# This output is used by Xcode 'outputs' to avoid re-running this script phase.\necho \"SUCCESS\" > \"${SCRIPT_OUTPUT_FILE_0}\"\n";
			showEnvVarsInLog = 0;
		};
		ABE1EEA7721E29E3EEF7E99B /* [CP] Check Pods Manifest.lock */ = {
			isa = PBXShellScriptBuildPhase;
			buildActionMask = 2147483647;
			files = (
			);
			inputFileListPaths = (
			);
			inputPaths = (
				"${PODS_PODFILE_DIR_PATH}/Podfile.lock",
				"${PODS_ROOT}/Manifest.lock",
			);
			name = "[CP] Check Pods Manifest.lock";
			outputFileListPaths = (
			);
			outputPaths = (
				"$(DERIVED_FILE_DIR)/Pods-SoccerNews-SoccerNewsUITests-checkManifestLockResult.txt",
			);
			runOnlyForDeploymentPostprocessing = 0;
			shellPath = /bin/sh;
			shellScript = "diff \"${PODS_PODFILE_DIR_PATH}/Podfile.lock\" \"${PODS_ROOT}/Manifest.lock\" > /dev/null\nif [ $? != 0 ] ; then\n    # print error to STDERR\n    echo \"error: The sandbox is not in sync with the Podfile.lock. Run 'pod install' or update your CocoaPods installation.\" >&2\n    exit 1\nfi\n# This output is used by Xcode 'outputs' to avoid re-running this script phase.\necho \"SUCCESS\" > \"${SCRIPT_OUTPUT_FILE_0}\"\n";
			showEnvVarsInLog = 0;
		};
		CB27B230CE8096848A8B7C2B /* [CP] Check Pods Manifest.lock */ = {
			isa = PBXShellScriptBuildPhase;
			buildActionMask = 2147483647;
			files = (
			);
			inputFileListPaths = (
			);
			inputPaths = (
				"${PODS_PODFILE_DIR_PATH}/Podfile.lock",
				"${PODS_ROOT}/Manifest.lock",
			);
			name = "[CP] Check Pods Manifest.lock";
			outputFileListPaths = (
			);
			outputPaths = (
				"$(DERIVED_FILE_DIR)/Pods-SoccerNewsTests-checkManifestLockResult.txt",
			);
			runOnlyForDeploymentPostprocessing = 0;
			shellPath = /bin/sh;
			shellScript = "diff \"${PODS_PODFILE_DIR_PATH}/Podfile.lock\" \"${PODS_ROOT}/Manifest.lock\" > /dev/null\nif [ $? != 0 ] ; then\n    # print error to STDERR\n    echo \"error: The sandbox is not in sync with the Podfile.lock. Run 'pod install' or update your CocoaPods installation.\" >&2\n    exit 1\nfi\n# This output is used by Xcode 'outputs' to avoid re-running this script phase.\necho \"SUCCESS\" > \"${SCRIPT_OUTPUT_FILE_0}\"\n";
			showEnvVarsInLog = 0;
		};
/* End PBXShellScriptBuildPhase section */

/* Begin PBXSourcesBuildPhase section */
		840C6EED26001DCA00FB7F0C /* Sources */ = {
			isa = PBXSourcesBuildPhase;
			buildActionMask = 2147483647;
			files = (
				84AE86E02602E84100E9AAC7 /* FeedDetailController.swift in Sources */,
				84AE86D12602AA1200E9AAC7 /* TopFeedCell.swift in Sources */,
				84AE86CA2602A63300E9AAC7 /* FeedsView.swift in Sources */,
				84AE86BD2602A45800E9AAC7 /* FeedsController.swift in Sources */,
				840C6F8726016F8400FB7F0C /* Languages.swift in Sources */,
				840C6F7A26016F6A00FB7F0C /* Categories.swift in Sources */,
				840C6F5D26016EF200FB7F0C /* ArticlesResult.swift in Sources */,
				840C6F412600E76900FB7F0C /* UIView+Extensions.swift in Sources */,
				840C6F3026001E7800FB7F0C /* NewsRepository.swift in Sources */,
				840C6F6F26016F3E00FB7F0C /* EverythingRequest.swift in Sources */,
				840C6F8D26016FA100FB7F0C /* SortBys.swift in Sources */,
				84AE86C32602A4C500E9AAC7 /* TopFeedHeaderView.swift in Sources */,
				840C6F6A26016F2300FB7F0C /* Source.swift in Sources */,
				84AE86A0260288B500E9AAC7 /* CustomImageView.swift in Sources */,
				840C6F6526016F1000FB7F0C /* Article.swift in Sources */,
				840C6F7426016F4C00FB7F0C /* TopHeadlinesRequest.swift in Sources */,
				840C6F4C2600ED8F00FB7F0C /* Date+Extensions.swift in Sources */,
				84AE86D92602E75600E9AAC7 /* FeedDetailView.swift in Sources */,
				840C6F3B2600E0C100FB7F0C /* FeedCell.swift in Sources */,
				840C6F9526016FC500FB7F0C /* Statuses.swift in Sources */,
				84AE86E82602E9D900E9AAC7 /* MainNavigationController.swift in Sources */,
				840C6F9A2601701100FB7F0C /* ErrorCodes.swift in Sources */,
				840C6EF526001DCA00FB7F0C /* AppDelegate.swift in Sources */,
				840C6F8226016F7600FB7F0C /* Countries.swift in Sources */,
				840C6EF726001DCA00FB7F0C /* SceneDelegate.swift in Sources */,
			);
			runOnlyForDeploymentPostprocessing = 0;
		};
		840C6F0326001DCD00FB7F0C /* Sources */ = {
			isa = PBXSourcesBuildPhase;
			buildActionMask = 2147483647;
			files = (
				840C6F0C26001DCD00FB7F0C /* SoccerNewsTests.swift in Sources */,
			);
			runOnlyForDeploymentPostprocessing = 0;
		};
		840C6F0E26001DCD00FB7F0C /* Sources */ = {
			isa = PBXSourcesBuildPhase;
			buildActionMask = 2147483647;
			files = (
				840C6F1726001DCD00FB7F0C /* SoccerNewsUITests.swift in Sources */,
			);
			runOnlyForDeploymentPostprocessing = 0;
		};
/* End PBXSourcesBuildPhase section */

/* Begin PBXTargetDependency section */
		840C6F0926001DCD00FB7F0C /* PBXTargetDependency */ = {
			isa = PBXTargetDependency;
			target = 840C6EF026001DCA00FB7F0C /* SoccerNews */;
			targetProxy = 840C6F0826001DCD00FB7F0C /* PBXContainerItemProxy */;
		};
		840C6F1426001DCD00FB7F0C /* PBXTargetDependency */ = {
			isa = PBXTargetDependency;
			target = 840C6EF026001DCA00FB7F0C /* SoccerNews */;
			targetProxy = 840C6F1326001DCD00FB7F0C /* PBXContainerItemProxy */;
		};
/* End PBXTargetDependency section */

/* Begin PBXVariantGroup section */
		840C6EFA26001DCA00FB7F0C /* Main.storyboard */ = {
			isa = PBXVariantGroup;
			children = (
				840C6EFB26001DCA00FB7F0C /* Base */,
			);
			name = Main.storyboard;
			sourceTree = "<group>";
		};
		840C6EFF26001DCC00FB7F0C /* LaunchScreen.storyboard */ = {
			isa = PBXVariantGroup;
			children = (
				840C6F0026001DCC00FB7F0C /* Base */,
			);
			name = LaunchScreen.storyboard;
			sourceTree = "<group>";
		};
/* End PBXVariantGroup section */

/* Begin XCBuildConfiguration section */
		840C6F1926001DCD00FB7F0C /* Debug */ = {
			isa = XCBuildConfiguration;
			buildSettings = {
				ALWAYS_SEARCH_USER_PATHS = NO;
				CLANG_ANALYZER_NONNULL = YES;
				CLANG_ANALYZER_NUMBER_OBJECT_CONVERSION = YES_AGGRESSIVE;
				CLANG_CXX_LANGUAGE_STANDARD = "gnu++14";
				CLANG_CXX_LIBRARY = "libc++";
				CLANG_ENABLE_MODULES = YES;
				CLANG_ENABLE_OBJC_ARC = YES;
				CLANG_ENABLE_OBJC_WEAK = YES;
				CLANG_WARN_BLOCK_CAPTURE_AUTORELEASING = YES;
				CLANG_WARN_BOOL_CONVERSION = YES;
				CLANG_WARN_COMMA = YES;
				CLANG_WARN_CONSTANT_CONVERSION = YES;
				CLANG_WARN_DEPRECATED_OBJC_IMPLEMENTATIONS = YES;
				CLANG_WARN_DIRECT_OBJC_ISA_USAGE = YES_ERROR;
				CLANG_WARN_DOCUMENTATION_COMMENTS = YES;
				CLANG_WARN_EMPTY_BODY = YES;
				CLANG_WARN_ENUM_CONVERSION = YES;
				CLANG_WARN_INFINITE_RECURSION = YES;
				CLANG_WARN_INT_CONVERSION = YES;
				CLANG_WARN_NON_LITERAL_NULL_CONVERSION = YES;
				CLANG_WARN_OBJC_IMPLICIT_RETAIN_SELF = YES;
				CLANG_WARN_OBJC_LITERAL_CONVERSION = YES;
				CLANG_WARN_OBJC_ROOT_CLASS = YES_ERROR;
				CLANG_WARN_QUOTED_INCLUDE_IN_FRAMEWORK_HEADER = YES;
				CLANG_WARN_RANGE_LOOP_ANALYSIS = YES;
				CLANG_WARN_STRICT_PROTOTYPES = YES;
				CLANG_WARN_SUSPICIOUS_MOVE = YES;
				CLANG_WARN_UNGUARDED_AVAILABILITY = YES_AGGRESSIVE;
				CLANG_WARN_UNREACHABLE_CODE = YES;
				CLANG_WARN__DUPLICATE_METHOD_MATCH = YES;
				COPY_PHASE_STRIP = NO;
				DEBUG_INFORMATION_FORMAT = dwarf;
				ENABLE_STRICT_OBJC_MSGSEND = YES;
				ENABLE_TESTABILITY = YES;
				GCC_C_LANGUAGE_STANDARD = gnu11;
				GCC_DYNAMIC_NO_PIC = NO;
				GCC_NO_COMMON_BLOCKS = YES;
				GCC_OPTIMIZATION_LEVEL = 0;
				GCC_PREPROCESSOR_DEFINITIONS = (
					"DEBUG=1",
					"$(inherited)",
				);
				GCC_WARN_64_TO_32_BIT_CONVERSION = YES;
				GCC_WARN_ABOUT_RETURN_TYPE = YES_ERROR;
				GCC_WARN_UNDECLARED_SELECTOR = YES;
				GCC_WARN_UNINITIALIZED_AUTOS = YES_AGGRESSIVE;
				GCC_WARN_UNUSED_FUNCTION = YES;
				GCC_WARN_UNUSED_VARIABLE = YES;
				IPHONEOS_DEPLOYMENT_TARGET = 14.4;
				MTL_ENABLE_DEBUG_INFO = INCLUDE_SOURCE;
				MTL_FAST_MATH = YES;
				ONLY_ACTIVE_ARCH = YES;
				SDKROOT = iphoneos;
				SWIFT_ACTIVE_COMPILATION_CONDITIONS = DEBUG;
				SWIFT_OPTIMIZATION_LEVEL = "-Onone";
			};
			name = Debug;
		};
		840C6F1A26001DCD00FB7F0C /* Release */ = {
			isa = XCBuildConfiguration;
			buildSettings = {
				ALWAYS_SEARCH_USER_PATHS = NO;
				CLANG_ANALYZER_NONNULL = YES;
				CLANG_ANALYZER_NUMBER_OBJECT_CONVERSION = YES_AGGRESSIVE;
				CLANG_CXX_LANGUAGE_STANDARD = "gnu++14";
				CLANG_CXX_LIBRARY = "libc++";
				CLANG_ENABLE_MODULES = YES;
				CLANG_ENABLE_OBJC_ARC = YES;
				CLANG_ENABLE_OBJC_WEAK = YES;
				CLANG_WARN_BLOCK_CAPTURE_AUTORELEASING = YES;
				CLANG_WARN_BOOL_CONVERSION = YES;
				CLANG_WARN_COMMA = YES;
				CLANG_WARN_CONSTANT_CONVERSION = YES;
				CLANG_WARN_DEPRECATED_OBJC_IMPLEMENTATIONS = YES;
				CLANG_WARN_DIRECT_OBJC_ISA_USAGE = YES_ERROR;
				CLANG_WARN_DOCUMENTATION_COMMENTS = YES;
				CLANG_WARN_EMPTY_BODY = YES;
				CLANG_WARN_ENUM_CONVERSION = YES;
				CLANG_WARN_INFINITE_RECURSION = YES;
				CLANG_WARN_INT_CONVERSION = YES;
				CLANG_WARN_NON_LITERAL_NULL_CONVERSION = YES;
				CLANG_WARN_OBJC_IMPLICIT_RETAIN_SELF = YES;
				CLANG_WARN_OBJC_LITERAL_CONVERSION = YES;
				CLANG_WARN_OBJC_ROOT_CLASS = YES_ERROR;
				CLANG_WARN_QUOTED_INCLUDE_IN_FRAMEWORK_HEADER = YES;
				CLANG_WARN_RANGE_LOOP_ANALYSIS = YES;
				CLANG_WARN_STRICT_PROTOTYPES = YES;
				CLANG_WARN_SUSPICIOUS_MOVE = YES;
				CLANG_WARN_UNGUARDED_AVAILABILITY = YES_AGGRESSIVE;
				CLANG_WARN_UNREACHABLE_CODE = YES;
				CLANG_WARN__DUPLICATE_METHOD_MATCH = YES;
				COPY_PHASE_STRIP = NO;
				DEBUG_INFORMATION_FORMAT = "dwarf-with-dsym";
				ENABLE_NS_ASSERTIONS = NO;
				ENABLE_STRICT_OBJC_MSGSEND = YES;
				GCC_C_LANGUAGE_STANDARD = gnu11;
				GCC_NO_COMMON_BLOCKS = YES;
				GCC_WARN_64_TO_32_BIT_CONVERSION = YES;
				GCC_WARN_ABOUT_RETURN_TYPE = YES_ERROR;
				GCC_WARN_UNDECLARED_SELECTOR = YES;
				GCC_WARN_UNINITIALIZED_AUTOS = YES_AGGRESSIVE;
				GCC_WARN_UNUSED_FUNCTION = YES;
				GCC_WARN_UNUSED_VARIABLE = YES;
				IPHONEOS_DEPLOYMENT_TARGET = 14.4;
				MTL_ENABLE_DEBUG_INFO = NO;
				MTL_FAST_MATH = YES;
				SDKROOT = iphoneos;
				SWIFT_COMPILATION_MODE = wholemodule;
				SWIFT_OPTIMIZATION_LEVEL = "-O";
				VALIDATE_PRODUCT = YES;
			};
			name = Release;
		};
		840C6F1C26001DCD00FB7F0C /* Debug */ = {
			isa = XCBuildConfiguration;
			baseConfigurationReference = CE096D4CECD71B5251BBFA4E /* Pods-SoccerNews.debug.xcconfig */;
			buildSettings = {
				ASSETCATALOG_COMPILER_APPICON_NAME = AppIcon;
				ASSETCATALOG_COMPILER_GLOBAL_ACCENT_COLOR_NAME = AccentColor;
				CODE_SIGN_STYLE = Automatic;
				DEVELOPMENT_TEAM = L7FCKM78VQ;
				INFOPLIST_FILE = SoccerNews/Info.plist;
				LD_RUNPATH_SEARCH_PATHS = (
					"$(inherited)",
					"@executable_path/Frameworks",
				);
				PRODUCT_BUNDLE_IDENTIFIER = com.example.ios.SoccerNews;
				PRODUCT_NAME = "$(TARGET_NAME)";
				SWIFT_VERSION = 5.0;
				TARGETED_DEVICE_FAMILY = "1,2";
			};
			name = Debug;
		};
		840C6F1D26001DCD00FB7F0C /* Release */ = {
			isa = XCBuildConfiguration;
			baseConfigurationReference = 8D4B3F30072F71D5E68A1A5A /* Pods-SoccerNews.release.xcconfig */;
			buildSettings = {
				ASSETCATALOG_COMPILER_APPICON_NAME = AppIcon;
				ASSETCATALOG_COMPILER_GLOBAL_ACCENT_COLOR_NAME = AccentColor;
				CODE_SIGN_STYLE = Automatic;
				DEVELOPMENT_TEAM = L7FCKM78VQ;
				INFOPLIST_FILE = SoccerNews/Info.plist;
				LD_RUNPATH_SEARCH_PATHS = (
					"$(inherited)",
					"@executable_path/Frameworks",
				);
				PRODUCT_BUNDLE_IDENTIFIER = com.example.ios.SoccerNews;
				PRODUCT_NAME = "$(TARGET_NAME)";
				SWIFT_VERSION = 5.0;
				TARGETED_DEVICE_FAMILY = "1,2";
			};
			name = Release;
		};
		840C6F1F26001DCD00FB7F0C /* Debug */ = {
			isa = XCBuildConfiguration;
			baseConfigurationReference = 3E48F1FFE708ADED82AE7666 /* Pods-SoccerNewsTests.debug.xcconfig */;
			buildSettings = {
				ALWAYS_EMBED_SWIFT_STANDARD_LIBRARIES = YES;
				BUNDLE_LOADER = "$(TEST_HOST)";
				CODE_SIGN_STYLE = Automatic;
				DEVELOPMENT_TEAM = L7FCKM78VQ;
				INFOPLIST_FILE = SoccerNewsTests/Info.plist;
				IPHONEOS_DEPLOYMENT_TARGET = 14.4;
				LD_RUNPATH_SEARCH_PATHS = (
					"$(inherited)",
					"@executable_path/Frameworks",
					"@loader_path/Frameworks",
				);
				PRODUCT_BUNDLE_IDENTIFIER = com.example.ios.SoccerNewsTests;
				PRODUCT_NAME = "$(TARGET_NAME)";
				SWIFT_VERSION = 5.0;
				TARGETED_DEVICE_FAMILY = "1,2";
				TEST_HOST = "$(BUILT_PRODUCTS_DIR)/SoccerNews.app/SoccerNews";
			};
			name = Debug;
		};
		840C6F2026001DCD00FB7F0C /* Release */ = {
			isa = XCBuildConfiguration;
			baseConfigurationReference = C2518796951D9923F8DEF368 /* Pods-SoccerNewsTests.release.xcconfig */;
			buildSettings = {
				ALWAYS_EMBED_SWIFT_STANDARD_LIBRARIES = YES;
				BUNDLE_LOADER = "$(TEST_HOST)";
				CODE_SIGN_STYLE = Automatic;
				DEVELOPMENT_TEAM = L7FCKM78VQ;
				INFOPLIST_FILE = SoccerNewsTests/Info.plist;
				IPHONEOS_DEPLOYMENT_TARGET = 14.4;
				LD_RUNPATH_SEARCH_PATHS = (
					"$(inherited)",
					"@executable_path/Frameworks",
					"@loader_path/Frameworks",
				);
				PRODUCT_BUNDLE_IDENTIFIER = com.example.ios.SoccerNewsTests;
				PRODUCT_NAME = "$(TARGET_NAME)";
				SWIFT_VERSION = 5.0;
				TARGETED_DEVICE_FAMILY = "1,2";
				TEST_HOST = "$(BUILT_PRODUCTS_DIR)/SoccerNews.app/SoccerNews";
			};
			name = Release;
		};
		840C6F2226001DCD00FB7F0C /* Debug */ = {
			isa = XCBuildConfiguration;
			baseConfigurationReference = 9EDB126941A0DC821BB501E4 /* Pods-SoccerNews-SoccerNewsUITests.debug.xcconfig */;
			buildSettings = {
				ALWAYS_EMBED_SWIFT_STANDARD_LIBRARIES = YES;
				CODE_SIGN_STYLE = Automatic;
				DEVELOPMENT_TEAM = L7FCKM78VQ;
				INFOPLIST_FILE = SoccerNewsUITests/Info.plist;
				LD_RUNPATH_SEARCH_PATHS = (
					"$(inherited)",
					"@executable_path/Frameworks",
					"@loader_path/Frameworks",
				);
				PRODUCT_BUNDLE_IDENTIFIER = com.example.ios.SoccerNewsUITests;
				PRODUCT_NAME = "$(TARGET_NAME)";
				SWIFT_VERSION = 5.0;
				TARGETED_DEVICE_FAMILY = "1,2";
				TEST_TARGET_NAME = SoccerNews;
			};
			name = Debug;
		};
		840C6F2326001DCD00FB7F0C /* Release */ = {
			isa = XCBuildConfiguration;
			baseConfigurationReference = 97F47826B8D7324DB873D84D /* Pods-SoccerNews-SoccerNewsUITests.release.xcconfig */;
			buildSettings = {
				ALWAYS_EMBED_SWIFT_STANDARD_LIBRARIES = YES;
				CODE_SIGN_STYLE = Automatic;
				DEVELOPMENT_TEAM = L7FCKM78VQ;
				INFOPLIST_FILE = SoccerNewsUITests/Info.plist;
				LD_RUNPATH_SEARCH_PATHS = (
					"$(inherited)",
					"@executable_path/Frameworks",
					"@loader_path/Frameworks",
				);
				PRODUCT_BUNDLE_IDENTIFIER = com.example.ios.SoccerNewsUITests;
				PRODUCT_NAME = "$(TARGET_NAME)";
				SWIFT_VERSION = 5.0;
				TARGETED_DEVICE_FAMILY = "1,2";
				TEST_TARGET_NAME = SoccerNews;
			};
			name = Release;
		};
/* End XCBuildConfiguration section */

/* Begin XCConfigurationList section */
		840C6EEC26001DCA00FB7F0C /* Build configuration list for PBXProject "SoccerNews" */ = {
			isa = XCConfigurationList;
			buildConfigurations = (
				840C6F1926001DCD00FB7F0C /* Debug */,
				840C6F1A26001DCD00FB7F0C /* Release */,
			);
			defaultConfigurationIsVisible = 0;
			defaultConfigurationName = Release;
		};
		840C6F1B26001DCD00FB7F0C /* Build configuration list for PBXNativeTarget "SoccerNews" */ = {
			isa = XCConfigurationList;
			buildConfigurations = (
				840C6F1C26001DCD00FB7F0C /* Debug */,
				840C6F1D26001DCD00FB7F0C /* Release */,
			);
			defaultConfigurationIsVisible = 0;
			defaultConfigurationName = Release;
		};
		840C6F1E26001DCD00FB7F0C /* Build configuration list for PBXNativeTarget "SoccerNewsTests" */ = {
			isa = XCConfigurationList;
			buildConfigurations = (
				840C6F1F26001DCD00FB7F0C /* Debug */,
				840C6F2026001DCD00FB7F0C /* Release */,
			);
			defaultConfigurationIsVisible = 0;
			defaultConfigurationName = Release;
		};
		840C6F2126001DCD00FB7F0C /* Build configuration list for PBXNativeTarget "SoccerNewsUITests" */ = {
			isa = XCConfigurationList;
			buildConfigurations = (
				840C6F2226001DCD00FB7F0C /* Debug */,
				840C6F2326001DCD00FB7F0C /* Release */,
			);
			defaultConfigurationIsVisible = 0;
			defaultConfigurationName = Release;
		};
/* End XCConfigurationList section */
	};
	rootObject = 840C6EE926001DCA00FB7F0C /* Project object */;
}
